Microsoft Visual Studio Solution File, Format Version 12.00
# Visual Studio Version 16
VisualStudioVersion = 16.0.32929.386
MinimumVisualStudioVersion = 10.0.40219.1
Project("{9A19103F-16F7-4668-BE54-9A1E7A4F7556}") = "BlazorHmi", "BlazorHmi\BlazorHmi.csproj", "{BFD78DED-ECA2-4559-AA32-F42A3B8EEF6F}"
EndProject
Project("{B1E792BE-AA5F-4E3C-8C82-674BF9C0715B}") = "StandardLibGema", "StandardLibGema\StandardLibGema.tsproj", "{261B02D7-EB78-4A5A-87D3-99C4DB7F0452}"
EndProject
Project("{9A19103F-16F7-4668-BE54-9A1E7A4F7556}") = "StandardLibGemaConnector", "StandardLibGemaConnector\StandardLibGemaConnector.csproj", "{D6626E32-485F-4DB4-BD2C-4E4C8F2FCB02}"
EndProject
Global
	GlobalSection(SolutionConfigurationPlatforms) = preSolution
		Debug|Any CPU = Debug|Any CPU
		Debug|TwinCAT CE7 (ARMV7) = Debug|TwinCAT CE7 (ARMV7)
		Debug|TwinCAT OS (ARMT2) = Debug|TwinCAT OS (ARMT2)
		Debug|TwinCAT RT (x64) = Debug|TwinCAT RT (x64)
		Debug|TwinCAT RT (x86) = Debug|TwinCAT RT (x86)
		Release|Any CPU = Release|Any CPU
		Release|TwinCAT CE7 (ARMV7) = Release|TwinCAT CE7 (ARMV7)
		Release|TwinCAT OS (ARMT2) = Release|TwinCAT OS (ARMT2)
		Release|TwinCAT RT (x64) = Release|TwinCAT RT (x64)
		Release|TwinCAT RT (x86) = Release|TwinCAT RT (x86)
	EndGlobalSection
	GlobalSection(ProjectConfigurationPlatforms) = postSolution
		{BFD78DED-ECA2-4559-AA32-F42A3B8EEF6F}.Debug|Any CPU.ActiveCfg = Debug|Any CPU
		{BFD78DED-ECA2-4559-AA32-F42A3B8EEF6F}.Debug|Any CPU.Build.0 = Debug|Any CPU
		{BFD78DED-ECA2-4559-AA32-F42A3B8EEF6F}.Debug|TwinCAT CE7 (ARMV7).ActiveCfg = Debug|Any CPU
		{BFD78DED-ECA2-4559-AA32-F42A3B8EEF6F}.Debug|TwinCAT CE7 (ARMV7).Build.0 = Debug|Any CPU
		{BFD78DED-ECA2-4559-AA32-F42A3B8EEF6F}.Debug|TwinCAT OS (ARMT2).ActiveCfg = Debug|Any CPU
		{BFD78DED-ECA2-4559-AA32-F42A3B8EEF6F}.Debug|TwinCAT OS (ARMT2).Build.0 = Debug|Any CPU
		{BFD78DED-ECA2-4559-AA32-F42A3B8EEF6F}.Debug|TwinCAT RT (x64).ActiveCfg = Debug|Any CPU
		{BFD78DED-ECA2-4559-AA32-F42A3B8EEF6F}.Debug|TwinCAT RT (x64).Build.0 = Debug|Any CPU
		{BFD78DED-ECA2-4559-AA32-F42A3B8EEF6F}.Debug|TwinCAT RT (x86).ActiveCfg = Debug|Any CPU
		{BFD78DED-ECA2-4559-AA32-F42A3B8EEF6F}.Debug|TwinCAT RT (x86).Build.0 = Debug|Any CPU
		{BFD78DED-ECA2-4559-AA32-F42A3B8EEF6F}.Release|Any CPU.ActiveCfg = Release|Any CPU
		{BFD78DED-ECA2-4559-AA32-F42A3B8EEF6F}.Release|Any CPU.Build.0 = Release|Any CPU
		{BFD78DED-ECA2-4559-AA32-F42A3B8EEF6F}.Release|TwinCAT CE7 (ARMV7).ActiveCfg = Release|Any CPU
		{BFD78DED-ECA2-4559-AA32-F42A3B8EEF6F}.Release|TwinCAT CE7 (ARMV7).Build.0 = Release|Any CPU
		{BFD78DED-ECA2-4559-AA32-F42A3B8EEF6F}.Release|TwinCAT OS (ARMT2).ActiveCfg = Release|Any CPU
		{BFD78DED-ECA2-4559-AA32-F42A3B8EEF6F}.Release|TwinCAT OS (ARMT2).Build.0 = Release|Any CPU
		{BFD78DED-ECA2-4559-AA32-F42A3B8EEF6F}.Release|TwinCAT RT (x64).ActiveCfg = Release|Any CPU
		{BFD78DED-ECA2-4559-AA32-F42A3B8EEF6F}.Release|TwinCAT RT (x64).Build.0 = Release|Any CPU
		{BFD78DED-ECA2-4559-AA32-F42A3B8EEF6F}.Release|TwinCAT RT (x86).ActiveCfg = Release|Any CPU
		{BFD78DED-ECA2-4559-AA32-F42A3B8EEF6F}.Release|TwinCAT RT (x86).Build.0 = Release|Any CPU
		{261B02D7-EB78-4A5A-87D3-99C4DB7F0452}.Debug|Any CPU.ActiveCfg = Debug|TwinCAT RT (x86)
		{261B02D7-EB78-4A5A-87D3-99C4DB7F0452}.Debug|TwinCAT CE7 (ARMV7).ActiveCfg = Debug|TwinCAT CE7 (ARMV7)
		{261B02D7-EB78-4A5A-87D3-99C4DB7F0452}.Debug|TwinCAT CE7 (ARMV7).Build.0 = Debug|TwinCAT CE7 (ARMV7)
		{261B02D7-EB78-4A5A-87D3-99C4DB7F0452}.Debug|TwinCAT OS (ARMT2).ActiveCfg = Debug|TwinCAT OS (ARMT2)
		{261B02D7-EB78-4A5A-87D3-99C4DB7F0452}.Debug|TwinCAT OS (ARMT2).Build.0 = Debug|TwinCAT OS (ARMT2)
		{261B02D7-EB78-4A5A-87D3-99C4DB7F0452}.Debug|TwinCAT RT (x64).ActiveCfg = Debug|TwinCAT RT (x64)
		{261B02D7-EB78-4A5A-87D3-99C4DB7F0452}.Debug|TwinCAT RT (x64).Build.0 = Debug|TwinCAT RT (x64)
		{261B02D7-EB78-4A5A-87D3-99C4DB7F0452}.Debug|TwinCAT RT (x86).ActiveCfg = Debug|TwinCAT RT (x86)
		{261B02D7-EB78-4A5A-87D3-99C4DB7F0452}.Debug|TwinCAT RT (x86).Build.0 = Debug|TwinCAT RT (x86)
		{261B02D7-EB78-4A5A-87D3-99C4DB7F0452}.Release|Any CPU.ActiveCfg = Release|TwinCAT RT (x86)
		{261B02D7-EB78-4A5A-87D3-99C4DB7F0452}.Release|TwinCAT CE7 (ARMV7).ActiveCfg = Release|TwinCAT CE7 (ARMV7)
		{261B02D7-EB78-4A5A-87D3-99C4DB7F0452}.Release|TwinCAT CE7 (ARMV7).Build.0 = Release|TwinCAT CE7 (ARMV7)
		{261B02D7-EB78-4A5A-87D3-99C4DB7F0452}.Release|TwinCAT OS (ARMT2).ActiveCfg = Release|TwinCAT OS (ARMT2)
		{261B02D7-EB78-4A5A-87D3-99C4DB7F0452}.Release|TwinCAT OS (ARMT2).Build.0 = Release|TwinCAT OS (ARMT2)
		{261B02D7-EB78-4A5A-87D3-99C4DB7F0452}.Release|TwinCAT RT (x64).ActiveCfg = Release|TwinCAT RT (x64)
		{261B02D7-EB78-4A5A-87D3-99C4DB7F0452}.Release|TwinCAT RT (x64).Build.0 = Release|TwinCAT RT (x64)
		{261B02D7-EB78-4A5A-87D3-99C4DB7F0452}.Release|TwinCAT RT (x86).ActiveCfg = Release|TwinCAT RT (x86)
		{261B02D7-EB78-4A5A-87D3-99C4DB7F0452}.Release|TwinCAT RT (x86).Build.0 = Release|TwinCAT RT (x86)
		{D6626E32-485F-4DB4-BD2C-4E4C8F2FCB02}.Debug|Any CPU.ActiveCfg = Debug|Any CPU
		{D6626E32-485F-4DB4-BD2C-4E4C8F2FCB02}.Debug|Any CPU.Build.0 = Debug|Any CPU
		{D6626E32-485F-4DB4-BD2C-4E4C8F2FCB02}.Debug|TwinCAT CE7 (ARMV7).ActiveCfg = Debug|Any CPU
		{D6626E32-485F-4DB4-BD2C-4E4C8F2FCB02}.Debug|TwinCAT CE7 (ARMV7).Build.0 = Debug|Any CPU
		{D6626E32-485F-4DB4-BD2C-4E4C8F2FCB02}.Debug|TwinCAT OS (ARMT2).ActiveCfg = Debug|Any CPU
		{D6626E32-485F-4DB4-BD2C-4E4C8F2FCB02}.Debug|TwinCAT OS (ARMT2).Build.0 = Debug|Any CPU
		{D6626E32-485F-4DB4-BD2C-4E4C8F2FCB02}.Debug|TwinCAT RT (x64).ActiveCfg = Debug|Any CPU
		{D6626E32-485F-4DB4-BD2C-4E4C8F2FCB02}.Debug|TwinCAT RT (x64).Build.0 = Debug|Any CPU
		{D6626E32-485F-4DB4-BD2C-4E4C8F2FCB02}.Debug|TwinCAT RT (x86).ActiveCfg = Debug|Any CPU
		{D6626E32-485F-4DB4-BD2C-4E4C8F2FCB02}.Debug|TwinCAT RT (x86).Build.0 = Debug|Any CPU
		{D6626E32-485F-4DB4-BD2C-4E4C8F2FCB02}.Release|Any CPU.ActiveCfg = Release|Any CPU
		{D6626E32-485F-4DB4-BD2C-4E4C8F2FCB02}.Release|Any CPU.Build.0 = Release|Any CPU
		{D6626E32-485F-4DB4-BD2C-4E4C8F2FCB02}.Release|TwinCAT CE7 (ARMV7).ActiveCfg = Release|Any CPU
		{D6626E32-485F-4DB4-BD2C-4E4C8F2FCB02}.Release|TwinCAT CE7 (ARMV7).Build.0 = Release|Any CPU
		{D6626E32-485F-4DB4-BD2C-4E4C8F2FCB02}.Release|TwinCAT OS (ARMT2).ActiveCfg = Release|Any CPU
		{D6626E32-485F-4DB4-BD2C-4E4C8F2FCB02}.Release|TwinCAT OS (ARMT2).Build.0 = Release|Any CPU
		{D6626E32-485F-4DB4-BD2C-4E4C8F2FCB02}.Release|TwinCAT RT (x64).ActiveCfg = Release|Any CPU
		{D6626E32-485F-4DB4-BD2C-4E4C8F2FCB02}.Release|TwinCAT RT (x64).Build.0 = Release|Any CPU
		{D6626E32-485F-4DB4-BD2C-4E4C8F2FCB02}.Release|TwinCAT RT (x86).ActiveCfg = Release|Any CPU
		{D6626E32-485F-4DB4-BD2C-4E4C8F2FCB02}.Release|TwinCAT RT (x86).Build.0 = Release|Any CPU
		{D82FC749-9CAD-4CCF-8B04-92C10F9D2CB3}.Debug|Any CPU.ActiveCfg = Debug|TwinCAT RT (x86)
		{D82FC749-9CAD-4CCF-8B04-92C10F9D2CB3}.Debug|TwinCAT CE7 (ARMV7).ActiveCfg = Debug|TwinCAT CE7 (ARMV7)
		{D82FC749-9CAD-4CCF-8B04-92C10F9D2CB3}.Debug|TwinCAT CE7 (ARMV7).Build.0 = Debug|TwinCAT CE7 (ARMV7)
		{D82FC749-9CAD-4CCF-8B04-92C10F9D2CB3}.Debug|TwinCAT OS (ARMT2).ActiveCfg = Debug|TwinCAT OS (ARMT2)
		{D82FC749-9CAD-4CCF-8B04-92C10F9D2CB3}.Debug|TwinCAT OS (ARMT2).Build.0 = Debug|TwinCAT OS (ARMT2)
		{D82FC749-9CAD-4CCF-8B04-92C10F9D2CB3}.Debug|TwinCAT RT (x64).ActiveCfg = Debug|TwinCAT RT (x64)
		{D82FC749-9CAD-4CCF-8B04-92C10F9D2CB3}.Debug|TwinCAT RT (x64).Build.0 = Debug|TwinCAT RT (x64)
		{D82FC749-9CAD-4CCF-8B04-92C10F9D2CB3}.Debug|TwinCAT RT (x86).ActiveCfg = Debug|TwinCAT RT (x86)
		{D82FC749-9CAD-4CCF-8B04-92C10F9D2CB3}.Debug|TwinCAT RT (x86).Build.0 = Debug|TwinCAT RT (x86)
		{D82FC749-9CAD-4CCF-8B04-92C10F9D2CB3}.Release|Any CPU.ActiveCfg = Release|TwinCAT RT (x86)
		{D82FC749-9CAD-4CCF-8B04-92C10F9D2CB3}.Release|TwinCAT CE7 (ARMV7).ActiveCfg = Release|TwinCAT CE7 (ARMV7)
		{D82FC749-9CAD-4CCF-8B04-92C10F9D2CB3}.Release|TwinCAT CE7 (ARMV7).Build.0 = Release|TwinCAT CE7 (ARMV7)
		{D82FC749-9CAD-4CCF-8B04-92C10F9D2CB3}.Release|TwinCAT OS (ARMT2).ActiveCfg = Release|TwinCAT OS (ARMT2)
		{D82FC749-9CAD-4CCF-8B04-92C10F9D2CB3}.Release|TwinCAT OS (ARMT2).Build.0 = Release|TwinCAT OS (ARMT2)
		{D82FC749-9CAD-4CCF-8B04-92C10F9D2CB3}.Release|TwinCAT RT (x64).ActiveCfg = Release|TwinCAT RT (x64)
		{D82FC749-9CAD-4CCF-8B04-92C10F9D2CB3}.Release|TwinCAT RT (x64).Build.0 = Release|TwinCAT RT (x64)
		{D82FC749-9CAD-4CCF-8B04-92C10F9D2CB3}.Release|TwinCAT RT (x86).ActiveCfg = Release|TwinCAT RT (x86)
		{D82FC749-9CAD-4CCF-8B04-92C10F9D2CB3}.Release|TwinCAT RT (x86).Build.0 = Release|TwinCAT RT (x86)
	EndGlobalSection
	GlobalSection(SolutionProperties) = preSolution
		HideSolutionNode = FALSE
	EndGlobalSection
	GlobalSection(ExtensibilityGlobals) = postSolution
		SolutionGuid = {64931499-E89F-4DD1-BE0A-4B6272A668F3}
	EndGlobalSection
EndGlobal
